
Microsoft Visual Studio Solution File, Format Version 12.00
# Visual Studio 15
Project("{FAE04EC0-301F-11D3-BF4B-00C04F79EFBC}") = "01.Week", "01.Week\01.Week.csproj", "{C95C5DFA-9474-493E-974B-9132BDAFC5F0}"
EndProject
Project("{FAE04EC0-301F-11D3-BF4B-00C04F79EFBC}") = "02.Week", "02.Week\02.Week.csproj", "{D24168E8-429F-4AAA-86CA-53220390E9DC}"
EndProject
Project("{FAE04EC0-301F-11D3-BF4B-00C04F79EFBC}") = "03.Week", "03.Week\03.Week.csproj", "{668AAD06-7D13-42C7-B466-500031FE567F}"
EndProject
Project("{FAE04EC0-301F-11D3-BF4B-00C04F79EFBC}") = "04.Week", "04.Week\04.Week.csproj", "{3B7FA850-02EC-4C99-BA80-A50928A5776C}"
EndProject
Project("{FAE04EC0-301F-11D3-BF4B-00C04F79EFBC}") = "06.Week", "06.Week\06.Week.csproj", "{48EC4D78-DF1A-4D67-81B7-3DB814DC7AE3}"
EndProject
Project("{FAE04EC0-301F-11D3-BF4B-00C04F79EFBC}") = "07.Week", "07.Week\07.Week.csproj", "{E8EA4E2E-64AD-4A0A-958A-3AD5BE9C6BBC}"
EndProject
Project("{FAE04EC0-301F-11D3-BF4B-00C04F79EFBC}") = "08.Week", "08.Week\08.Week.csproj", "{19FF0C3D-57B1-48A0-8175-0CB7DCB919E7}"
EndProject
Project("{FAE04EC0-301F-11D3-BF4B-00C04F79EFBC}") = "09.Week", "09.Week\09.Week.csproj", "{D4E79238-A0BC-45FF-B386-CBA5B76C8086}"
EndProject
Project("{FAE04EC0-301F-11D3-BF4B-00C04F79EFBC}") = "10.Week", "10.Week\10.Week.csproj", "{24A4F420-E7FF-4C5D-8657-62BC61C05961}"
EndProject
Project("{FAE04EC0-301F-11D3-BF4B-00C04F79EFBC}") = "Other", "Other\Other.csproj", "{E79B1F82-50ED-43ED-A286-404E09936C07}"
EndProject
Global
	GlobalSection(SolutionConfigurationPlatforms) = preSolution
		Debug|Any CPU = Debug|Any CPU
		Release|Any CPU = Release|Any CPU
	EndGlobalSection
	GlobalSection(ProjectConfigurationPlatforms) = postSolution
		{C95C5DFA-9474-493E-974B-9132BDAFC5F0}.Debug|Any CPU.ActiveCfg = Debug|Any CPU
		{C95C5DFA-9474-493E-974B-9132BDAFC5F0}.Debug|Any CPU.Build.0 = Debug|Any CPU
		{C95C5DFA-9474-493E-974B-9132BDAFC5F0}.Release|Any CPU.ActiveCfg = Release|Any CPU
		{C95C5DFA-9474-493E-974B-9132BDAFC5F0}.Release|Any CPU.Build.0 = Release|Any CPU
		{D24168E8-429F-4AAA-86CA-53220390E9DC}.Debug|Any CPU.ActiveCfg = Debug|Any CPU
		{D24168E8-429F-4AAA-86CA-53220390E9DC}.Debug|Any CPU.Build.0 = Debug|Any CPU
		{D24168E8-429F-4AAA-86CA-53220390E9DC}.Release|Any CPU.ActiveCfg = Release|Any CPU
		{D24168E8-429F-4AAA-86CA-53220390E9DC}.Release|Any CPU.Build.0 = Release|Any CPU
		{668AAD06-7D13-42C7-B466-500031FE567F}.Debug|Any CPU.ActiveCfg = Debug|Any CPU
		{668AAD06-7D13-42C7-B466-500031FE567F}.Debug|Any CPU.Build.0 = Debug|Any CPU
		{668AAD06-7D13-42C7-B466-500031FE567F}.Release|Any CPU.ActiveCfg = Release|Any CPU
		{668AAD06-7D13-42C7-B466-500031FE567F}.Release|Any CPU.Build.0 = Release|Any CPU
		{3B7FA850-02EC-4C99-BA80-A50928A5776C}.Debug|Any CPU.ActiveCfg = Debug|Any CPU
		{3B7FA850-02EC-4C99-BA80-A50928A5776C}.Debug|Any CPU.Build.0 = Debug|Any CPU
		{3B7FA850-02EC-4C99-BA80-A50928A5776C}.Release|Any CPU.ActiveCfg = Release|Any CPU
		{3B7FA850-02EC-4C99-BA80-A50928A5776C}.Release|Any CPU.Build.0 = Release|Any CPU
		{48EC4D78-DF1A-4D67-81B7-3DB814DC7AE3}.Debug|Any CPU.ActiveCfg = Debug|Any CPU
		{48EC4D78-DF1A-4D67-81B7-3DB814DC7AE3}.Debug|Any CPU.Build.0 = Debug|Any CPU
		{48EC4D78-DF1A-4D67-81B7-3DB814DC7AE3}.Release|Any CPU.ActiveCfg = Release|Any CPU
		{48EC4D78-DF1A-4D67-81B7-3DB814DC7AE3}.Release|Any CPU.Build.0 = Release|Any CPU
		{E8EA4E2E-64AD-4A0A-958A-3AD5BE9C6BBC}.Debug|Any CPU.ActiveCfg = Debug|Any CPU
		{E8EA4E2E-64AD-4A0A-958A-3AD5BE9C6BBC}.Debug|Any CPU.Build.0 = Debug|Any CPU
		{E8EA4E2E-64AD-4A0A-958A-3AD5BE9C6BBC}.Release|Any CPU.ActiveCfg = Release|Any CPU
		{E8EA4E2E-64AD-4A0A-958A-3AD5BE9C6BBC}.Release|Any CPU.Build.0 = Release|Any CPU
		{19FF0C3D-57B1-48A0-8175-0CB7DCB919E7}.Debug|Any CPU.ActiveCfg = Debug|Any CPU
		{19FF0C3D-57B1-48A0-8175-0CB7DCB919E7}.Debug|Any CPU.Build.0 = Debug|Any CPU
		{19FF0C3D-57B1-48A0-8175-0CB7DCB919E7}.Release|Any CPU.ActiveCfg = Release|Any CPU
		{19FF0C3D-57B1-48A0-8175-0CB7DCB919E7}.Release|Any CPU.Build.0 = Release|Any CPU
		{D4E79238-A0BC-45FF-B386-CBA5B76C8086}.Debug|Any CPU.ActiveCfg = Debug|Any CPU
		{D4E79238-A0BC-45FF-B386-CBA5B76C8086}.Debug|Any CPU.Build.0 = Debug|Any CPU
		{D4E79238-A0BC-45FF-B386-CBA5B76C8086}.Release|Any CPU.ActiveCfg = Release|Any CPU
		{D4E79238-A0BC-45FF-B386-CBA5B76C8086}.Release|Any CPU.Build.0 = Release|Any CPU
		{24A4F420-E7FF-4C5D-8657-62BC61C05961}.Debug|Any CPU.ActiveCfg = Debug|Any CPU
		{24A4F420-E7FF-4C5D-8657-62BC61C05961}.Debug|Any CPU.Build.0 = Debug|Any CPU
		{24A4F420-E7FF-4C5D-8657-62BC61C05961}.Release|Any CPU.ActiveCfg = Release|Any CPU
		{24A4F420-E7FF-4C5D-8657-62BC61C05961}.Release|Any CPU.Build.0 = Release|Any CPU
		{E79B1F82-50ED-43ED-A286-404E09936C07}.Debug|Any CPU.ActiveCfg = Debug|Any CPU
		{E79B1F82-50ED-43ED-A286-404E09936C07}.Debug|Any CPU.Build.0 = Debug|Any CPU
		{E79B1F82-50ED-43ED-A286-404E09936C07}.Release|Any CPU.ActiveCfg = Release|Any CPU
		{E79B1F82-50ED-43ED-A286-404E09936C07}.Release|Any CPU.Build.0 = Release|Any CPU
	EndGlobalSection
EndGlobal
